
Microsoft Visual Studio Solution File, Format Version 12.00
# Visual Studio 15
VisualStudioVersion = 15.0.28307.168
MinimumVisualStudioVersion = 10.0.40219.1
Project("{8BC9CEB8-8B4A-11D0-8D11-00A0C91BC942}") = "SFMLprojects", "SFMLprojects\SFMLprojects.vcxproj", "{36E267A9-1F35-4FF7-B488-A71CC5307943}"
EndProject
Global
	GlobalSection(SolutionConfigurationPlatforms) = preSolution
		Debug|x64 = Debug|x64
		Debug|x86 = Debug|x86
		Release|x64 = Release|x64
		Release|x86 = Release|x86
	EndGlobalSection
	GlobalSection(ProjectConfigurationPlatforms) = postSolution
		{36E267A9-1F35-4FF7-B488-A71CC5307943}.Debug|x64.ActiveCfg = Debug|x64
		{36E267A9-1F35-4FF7-B488-A71CC5307943}.Debug|x64.Build.0 = Debug|x64
		{36E267A9-1F35-4FF7-B488-A71CC5307943}.Debug|x86.ActiveCfg = Debug|Win32
		{36E267A9-1F35-4FF7-B488-A71CC5307943}.Debug|x86.Build.0 = Debug|Win32
		{36E267A9-1F35-4FF7-B488-A71CC5307943}.Release|x64.ActiveCfg = Release|x64
		{36E267A9-1F35-4FF7-B488-A71CC5307943}.Release|x64.Build.0 = Release|x64
		{36E267A9-1F35-4FF7-B488-A71CC5307943}.Release|x86.ActiveCfg = Release|Win32
		{36E267A9-1F35-4FF7-B488-A71CC5307943}.Release|x86.Build.0 = Release|Win32
	EndGlobalSection
	GlobalSection(SolutionProperties) = preSolution
		HideSolutionNode = FALSE
	EndGlobalSection
	GlobalSection(ExtensibilityGlobals) = postSolution
		SolutionGuid = {6DF64DCB-30DF-4427-936D-1747E4C4E2A6}
	EndGlobalSection
EndGlobal
