<?xml version="1.0" encoding="utf-8"?>
<Project ToolsVersion="4.0" xmlns="http://schemas.microsoft.com/developer/msbuild/2003">
  <ItemGroup>
    <Filter Include="Source Files">
      <UniqueIdentifier>{4FC737F1-C7A5-4376-A066-2A32D752A2FF}</UniqueIdentifier>
      <Extensions>cpp;c;cc;cxx;def;odl;idl;hpj;bat;asm;asmx</Extensions>
    </Filter>
    <Filter Include="Header Files">
      <UniqueIdentifier>{93995380-89BD-4b04-88EB-625FBE52EBFB}</UniqueIdentifier>
      <Extensions>h;hh;hpp;hxx;hm;inl;inc;ipp;xsd</Extensions>
    </Filter>
    <Filter Include="Header Files\experimental">
      <UniqueIdentifier>{ed5af11b-7566-4053-9482-9b73baec421a}</UniqueIdentifier>
    </Filter>
    <Filter Include="ark">
      <UniqueIdentifier>{5a056613-60df-45b2-b9bb-99e0250b7247}</UniqueIdentifier>
    </Filter>
    <Filter Include="ark\core">
      <UniqueIdentifier>{82d64fb8-7c11-4a4c-a151-702d3da48f1e}</UniqueIdentifier>
    </Filter>
    <Filter Include="ark\ecs">
      <UniqueIdentifier>{4688f672-aab4-40b6-ad01-aa84a9cc7250}</UniqueIdentifier>
    </Filter>
    <Filter Include="ark\util">
      <UniqueIdentifier>{95fe3273-85fd-4b61-95f4-33a5712bbadf}</UniqueIdentifier>
    </Filter>
    <Filter Include="ark\gui">
      <UniqueIdentifier>{a35a2e3f-44c9-4e10-aa32-74674e2d92b8}</UniqueIdentifier>
    </Filter>
    <Filter Include="ark\ecs\components">
      <UniqueIdentifier>{3e04493c-bf6a-4afb-92fc-95b5f960dfaa}</UniqueIdentifier>
    </Filter>
    <Filter Include="Systems">
      <UniqueIdentifier>{4a789863-c6c7-4419-a777-59129fe091b4}</UniqueIdentifier>
    </Filter>
    <Filter Include="ark\extlibs">
      <UniqueIdentifier>{12b88d0d-26fb-4df9-ac9f-6c9204e287f7}</UniqueIdentifier>
    </Filter>
    <Filter Include="ark\extlibs\imgui">
      <UniqueIdentifier>{104d672a-b971-4e70-8e68-e5f780d53c11}</UniqueIdentifier>
    </Filter>
  </ItemGroup>
  <ItemGroup>
    <ClCompile Include="main.cpp">
      <Filter>Source Files</Filter>
    </ClCompile>
    <ClCompile Include="ParticleSystem.cpp">
      <Filter>Source Files</Filter>
    </ClCompile>
    <ClCompile Include="AnimationSystem.cpp">
      <Filter>Source Files</Filter>
    </ClCompile>
    <ClCompile Include="src\ark\core\Engine.cpp">
      <Filter>ark\core</Filter>
    </ClCompile>
    <ClCompile Include="src\ark\ecs\SceneInspector.cpp">
      <Filter>ark\ecs</Filter>
    </ClCompile>
    <ClCompile Include="src\ark\gui\Gui.cpp">
      <Filter>ark\gui</Filter>
    </ClCompile>
    <ClCompile Include="extlibs\imgui\imgui_demo.cpp">
      <Filter>ark\extlibs\imgui</Filter>
    </ClCompile>
    <ClCompile Include="extlibs\imgui\imgui_draw.cpp">
      <Filter>ark\extlibs\imgui</Filter>
    </ClCompile>
    <ClCompile Include="extlibs\imgui\imgui_widgets.cpp">
      <Filter>ark\extlibs\imgui</Filter>
    </ClCompile>
    <ClCompile Include="extlibs\imgui\imgui.cpp">
      <Filter>ark\extlibs\imgui</Filter>
    </ClCompile>
    <ClCompile Include="extlibs\imgui-sfml\imgui-SFML.cpp">
      <Filter>ark\extlibs\imgui</Filter>
    </ClCompile>
    <ClCompile Include="src\ark\ecs\SerdeJsonDirector.cpp">
      <Filter>ark\ecs</Filter>
    </ClCompile>
  </ItemGroup>
  <ItemGroup>
    <ClInclude Include="ElipseShape.hpp">
      <Filter>Header Files</Filter>
    </ClInclude>
    <ClInclude Include="SOAvector.hpp">
      <Filter>Header Files\experimental</Filter>
    </ClInclude>
    <ClInclude Include="const_string.hpp">
      <Filter>Header Files\experimental</Filter>
    </ClInclude>
    <ClInclude Include="Quad.hpp">
      <Filter>Header Files</Filter>
    </ClInclude>
    <ClInclude Include="CommandSystem.hpp">
      <Filter>Systems</Filter>
    </ClInclude>
    <ClInclude Include="src\ark\core\Engine.hpp">
      <Filter>ark\core</Filter>
    </ClInclude>
    <ClInclude Include="Scripts.hpp">
      <Filter>Header Files</Filter>
    </ClInclude>
    <ClInclude Include="src\ark\core\Core.hpp">
      <Filter>ark\core</Filter>
    </ClInclude>
    <ClInclude Include="src\ark\core\Logger.hpp">
      <Filter>ark\core</Filter>
    </ClInclude>
    <ClInclude Include="src\ark\core\Message.hpp">
      <Filter>ark\core</Filter>
    </ClInclude>
    <ClInclude Include="src\ark\core\MessageBus.hpp">
      <Filter>ark\core</Filter>
    </ClInclude>
    <ClInclude Include="src\ark\core\State.hpp">
      <Filter>ark\core</Filter>
    </ClInclude>
    <ClInclude Include="src\ark\ecs\Component.hpp">
      <Filter>ark\ecs</Filter>
    </ClInclude>
    <ClInclude Include="src\ark\ecs\Entity.hpp">
      <Filter>ark\ecs</Filter>
    </ClInclude>
    <ClInclude Include="src\ark\ecs\EntityManager.hpp">
      <Filter>ark\ecs</Filter>
    </ClInclude>
    <ClInclude Include="src\ark\ecs\Meta.hpp">
      <Filter>ark\ecs</Filter>
    </ClInclude>
    <ClInclude Include="src\ark\ecs\SceneInspector.hpp">
      <Filter>ark\ecs</Filter>
    </ClInclude>
    <ClInclude Include="src\ark\ecs\System.hpp">
      <Filter>ark\ecs</Filter>
    </ClInclude>
    <ClInclude Include="src\ark\ecs\components\Transform.hpp">
      <Filter>ark\ecs\components</Filter>
    </ClInclude>
    <ClInclude Include="src\ark\gui\Gui.hpp">
      <Filter>ark\gui</Filter>
    </ClInclude>
    <ClInclude Include="src\ark\util\ResourceManager.hpp">
      <Filter>ark\util</Filter>
    </ClInclude>
    <ClInclude Include="src\ark\util\Util.hpp">
      <Filter>ark\util</Filter>
    </ClInclude>
    <ClInclude Include="src\ark\util\RandomNumbers.hpp">
      <Filter>ark\util</Filter>
    </ClInclude>
    <ClInclude Include="AnimationSystem.hpp">
      <Filter>Systems</Filter>
    </ClInclude>
    <ClInclude Include="GuiSystem.hpp">
      <Filter>Systems</Filter>
    </ClInclude>
    <ClInclude Include="ArchetypeManager.hpp">
      <Filter>Header Files</Filter>
    </ClInclude>
    <ClInclude Include="ParticleScripts.hpp">
      <Filter>Header Files</Filter>
    </ClInclude>
    <ClInclude Include="ParticleSystem.hpp">
      <Filter>Systems</Filter>
    </ClInclude>
    <ClInclude Include="src\ark\gui\ImGui.hpp">
      <Filter>ark\gui</Filter>
    </ClInclude>
    <ClInclude Include="extlibs\imgui\imgui_internal.h">
      <Filter>ark\extlibs\imgui</Filter>
    </ClInclude>
    <ClInclude Include="extlibs\imgui\imstb_rectpack.h">
      <Filter>ark\extlibs\imgui</Filter>
    </ClInclude>
    <ClInclude Include="extlibs\imgui\imstb_textedit.h">
      <Filter>ark\extlibs\imgui</Filter>
    </ClInclude>
    <ClInclude Include="extlibs\imgui\imstb_truetype.h">
      <Filter>ark\extlibs\imgui</Filter>
    </ClInclude>
    <ClInclude Include="extlibs\imgui\imgui.h">
      <Filter>ark\extlibs\imgui</Filter>
    </ClInclude>
    <ClInclude Include="extlibs\imgui-sfml\imgui-SFML.h">
      <Filter>ark\extlibs\imgui</Filter>
    </ClInclude>
    <ClInclude Include="extlibs\imgui-sfml\imgui-SFML_export.h">
      <Filter>ark\extlibs\imgui</Filter>
    </ClInclude>
    <ClInclude Include="extlibs\imgui-sfml\imconfig-SFML.h">
      <Filter>ark\extlibs\imgui</Filter>
    </ClInclude>
    <ClInclude Include="extlibs\imgui\imconfig.h">
      <Filter>ark\extlibs\imgui</Filter>
    </ClInclude>
    <ClInclude Include="ScriptingSystem.hpp">
      <Filter>Systems</Filter>
    </ClInclude>
    <ClInclude Include="src\ark\ecs\DefaultServices.hpp">
      <Filter>ark\ecs</Filter>
    </ClInclude>
    <ClInclude Include="src\ark\ecs\Renderer.hpp">
      <Filter>ark\ecs</Filter>
    </ClInclude>
    <ClInclude Include="src\ark\ecs\SerdeJsonDirector.hpp">
      <Filter>ark\ecs</Filter>
    </ClInclude>
    <ClInclude Include="FpsCounterDirector.hpp">
      <Filter>Systems</Filter>
    </ClInclude>
    <ClInclude Include="LuaScriptingSystem.hpp">
      <Filter>Systems</Filter>
    </ClInclude>
    <ClInclude Include="src\ark\ecs\Querry.hpp">
      <Filter>ark\ecs</Filter>
    </ClInclude>
    <ClInclude Include="Allocators.hpp">
      <Filter>Header Files</Filter>
    </ClInclude>
    <ClInclude Include="DrawableSystem.hpp">
      <Filter>Systems</Filter>
    </ClInclude>
    <ClInclude Include="src\ark\core\Signal.hpp">
      <Filter>ark\core</Filter>
    </ClInclude>
  </ItemGroup>
</Project>